
Microsoft Visual Studio Solution File, Format Version 12.00
# Visual Studio Version 16
VisualStudioVersion = 16.0.30804.86
MinimumVisualStudioVersion = 10.0.40219.1
Project("{8BC9CEB8-8B4A-11D0-8D11-00A0C91BC942}") = "Ch4DemoProject6", "Ch4DemoProject6\Ch4DemoProject6.vcxproj", "{C18EB5E0-4543-4D98-B83A-E6AAE4DCF244}"
EndProject
Global
	GlobalSection(SolutionConfigurationPlatforms) = preSolution
		Debug|x64 = Debug|x64
		Debug|x86 = Debug|x86
		Release|x64 = Release|x64
		Release|x86 = Release|x86
	EndGlobalSection
	GlobalSection(ProjectConfigurationPlatforms) = postSolution
		{C18EB5E0-4543-4D98-B83A-E6AAE4DCF244}.Debug|x64.ActiveCfg = Debug|x64
		{C18EB5E0-4543-4D98-B83A-E6AAE4DCF244}.Debug|x64.Build.0 = Debug|x64
		{C18EB5E0-4543-4D98-B83A-E6AAE4DCF244}.Debug|x86.ActiveCfg = Debug|Win32
		{C18EB5E0-4543-4D98-B83A-E6AAE4DCF244}.Debug|x86.Build.0 = Debug|Win32
		{C18EB5E0-4543-4D98-B83A-E6AAE4DCF244}.Release|x64.ActiveCfg = Release|x64
		{C18EB5E0-4543-4D98-B83A-E6AAE4DCF244}.Release|x64.Build.0 = Release|x64
		{C18EB5E0-4543-4D98-B83A-E6AAE4DCF244}.Release|x86.ActiveCfg = Release|Win32
		{C18EB5E0-4543-4D98-B83A-E6AAE4DCF244}.Release|x86.Build.0 = Release|Win32
	EndGlobalSection
	GlobalSection(SolutionProperties) = preSolution
		HideSolutionNode = FALSE
	EndGlobalSection
	GlobalSection(ExtensibilityGlobals) = postSolution
		SolutionGuid = {C8F8A0AA-2DF1-46E2-9375-5FA668E7810F}
	EndGlobalSection
EndGlobal
