
Microsoft Visual Studio Solution File, Format Version 12.00
# Visual Studio Version 16
VisualStudioVersion = 16.0.30804.86
MinimumVisualStudioVersion = 10.0.40219.1
Project("{8BC9CEB8-8B4A-11D0-8D11-00A0C91BC942}") = "Ch7Project2Extracredit564", "Ch7Project2Extracredit564\Ch7Project2Extracredit564.vcxproj", "{B4972D0F-EC30-4F38-B9EC-D6FF0303210B}"
EndProject
Global
	GlobalSection(SolutionConfigurationPlatforms) = preSolution
		Debug|x64 = Debug|x64
		Debug|x86 = Debug|x86
		Release|x64 = Release|x64
		Release|x86 = Release|x86
	EndGlobalSection
	GlobalSection(ProjectConfigurationPlatforms) = postSolution
		{B4972D0F-EC30-4F38-B9EC-D6FF0303210B}.Debug|x64.ActiveCfg = Debug|x64
		{B4972D0F-EC30-4F38-B9EC-D6FF0303210B}.Debug|x64.Build.0 = Debug|x64
		{B4972D0F-EC30-4F38-B9EC-D6FF0303210B}.Debug|x86.ActiveCfg = Debug|Win32
		{B4972D0F-EC30-4F38-B9EC-D6FF0303210B}.Debug|x86.Build.0 = Debug|Win32
		{B4972D0F-EC30-4F38-B9EC-D6FF0303210B}.Release|x64.ActiveCfg = Release|x64
		{B4972D0F-EC30-4F38-B9EC-D6FF0303210B}.Release|x64.Build.0 = Release|x64
		{B4972D0F-EC30-4F38-B9EC-D6FF0303210B}.Release|x86.ActiveCfg = Release|Win32
		{B4972D0F-EC30-4F38-B9EC-D6FF0303210B}.Release|x86.Build.0 = Release|Win32
	EndGlobalSection
	GlobalSection(SolutionProperties) = preSolution
		HideSolutionNode = FALSE
	EndGlobalSection
	GlobalSection(ExtensibilityGlobals) = postSolution
		SolutionGuid = {7C6D7566-7F02-4510-B2B7-530E71437B7D}
	EndGlobalSection
EndGlobal
